
Microsoft Visual Studio Solution File, Format Version 12.00
# Visual Studio Version 17
VisualStudioVersion = 17.0.32126.317
MinimumVisualStudioVersion = 10.0.40219.1
Project("{9A19103F-16F7-4668-BE54-9A1E7A4F7556}") = "Sniffer.DotNetversion", "Sniffer.DotNetversion\Sniffer.DotNetversion.csproj", "{F99459E7-82DF-4589-8B2D-9FC6BA595A04}"
EndProject
Project("{9A19103F-16F7-4668-BE54-9A1E7A4F7556}") = "SniffersTest", "SniffersTest\SniffersTest.csproj", "{49EE8F2C-C8E9-41A0-8AA8-F9A1352FE82C}"
EndProject
Project("{FAE04EC0-301F-11D3-BF4B-00C04F79EFBC}") = "Sniffer.GitStaleBranches", "Sniffer.GitStaleBranches\Sniffer.GitStaleBranches.csproj", "{6C46EFF1-59A0-4B44-8EF2-C67FB78C5372}"
EndProject
Global
	GlobalSection(SolutionConfigurationPlatforms) = preSolution
		Debug|Any CPU = Debug|Any CPU
		Release|Any CPU = Release|Any CPU
	EndGlobalSection
	GlobalSection(ProjectConfigurationPlatforms) = postSolution
		{F99459E7-82DF-4589-8B2D-9FC6BA595A04}.Debug|Any CPU.ActiveCfg = Debug|Any CPU
		{F99459E7-82DF-4589-8B2D-9FC6BA595A04}.Debug|Any CPU.Build.0 = Debug|Any CPU
		{F99459E7-82DF-4589-8B2D-9FC6BA595A04}.Release|Any CPU.ActiveCfg = Release|Any CPU
		{F99459E7-82DF-4589-8B2D-9FC6BA595A04}.Release|Any CPU.Build.0 = Release|Any CPU
		{49EE8F2C-C8E9-41A0-8AA8-F9A1352FE82C}.Debug|Any CPU.ActiveCfg = Debug|Any CPU
		{49EE8F2C-C8E9-41A0-8AA8-F9A1352FE82C}.Debug|Any CPU.Build.0 = Debug|Any CPU
		{49EE8F2C-C8E9-41A0-8AA8-F9A1352FE82C}.Release|Any CPU.ActiveCfg = Release|Any CPU
		{49EE8F2C-C8E9-41A0-8AA8-F9A1352FE82C}.Release|Any CPU.Build.0 = Release|Any CPU
		{6C46EFF1-59A0-4B44-8EF2-C67FB78C5372}.Debug|Any CPU.ActiveCfg = Debug|Any CPU
		{6C46EFF1-59A0-4B44-8EF2-C67FB78C5372}.Debug|Any CPU.Build.0 = Debug|Any CPU
		{6C46EFF1-59A0-4B44-8EF2-C67FB78C5372}.Release|Any CPU.ActiveCfg = Release|Any CPU
		{6C46EFF1-59A0-4B44-8EF2-C67FB78C5372}.Release|Any CPU.Build.0 = Release|Any CPU
	EndGlobalSection
	GlobalSection(SolutionProperties) = preSolution
		HideSolutionNode = FALSE
	EndGlobalSection
	GlobalSection(ExtensibilityGlobals) = postSolution
		SolutionGuid = {64682FDB-341F-4FC2-BBE9-7B359B74C9EC}
	EndGlobalSection
EndGlobal
